
Microsoft Visual Studio Solution File, Format Version 12.00
# Visual Studio Version 16
VisualStudioVersion = 16.0.30413.136
MinimumVisualStudioVersion = 10.0.40219.1
Project("{9A19103F-16F7-4668-BE54-9A1E7A4F7556}") = "RouletteWebAPI", "RouletteWebAPI\RouletteWebAPI.csproj", "{D2FAF6AC-D3A2-46F8-A1B2-3C503CBAAE7D}"
EndProject
Global
	GlobalSection(SolutionConfigurationPlatforms) = preSolution
		Debug|Any CPU = Debug|Any CPU
		Release|Any CPU = Release|Any CPU
	EndGlobalSection
	GlobalSection(ProjectConfigurationPlatforms) = postSolution
		{D2FAF6AC-D3A2-46F8-A1B2-3C503CBAAE7D}.Debug|Any CPU.ActiveCfg = Debug|Any CPU
		{D2FAF6AC-D3A2-46F8-A1B2-3C503CBAAE7D}.Debug|Any CPU.Build.0 = Debug|Any CPU
		{D2FAF6AC-D3A2-46F8-A1B2-3C503CBAAE7D}.Release|Any CPU.ActiveCfg = Release|Any CPU
		{D2FAF6AC-D3A2-46F8-A1B2-3C503CBAAE7D}.Release|Any CPU.Build.0 = Release|Any CPU
	EndGlobalSection
	GlobalSection(SolutionProperties) = preSolution
		HideSolutionNode = FALSE
	EndGlobalSection
	GlobalSection(ExtensibilityGlobals) = postSolution
		SolutionGuid = {256D73C7-CF96-40DC-B302-AA9C9EE0D26A}
	EndGlobalSection
EndGlobal
